
Microsoft Visual Studio Solution File, Format Version 12.00
# Visual Studio Version 17
VisualStudioVersion = 17.10.35122.118
MinimumVisualStudioVersion = 10.0.40219.1
Project("{FAE04EC0-301F-11D3-BF4B-00C04F79EFBC}") = "ERP_IMR", "ERP_IMR.csproj", "{7A71D55C-507E-424E-B882-CA2CDF5D1466}"
EndProject
Global
	GlobalSection(SolutionConfigurationPlatforms) = preSolution
		Debug|Any CPU = Debug|Any CPU
		Release|Any CPU = Release|Any CPU
	EndGlobalSection
	GlobalSection(ProjectConfigurationPlatforms) = postSolution
		{7A71D55C-507E-424E-B882-CA2CDF5D1466}.Debug|Any CPU.ActiveCfg = Debug|Any CPU
		{7A71D55C-507E-424E-B882-CA2CDF5D1466}.Debug|Any CPU.Build.0 = Debug|Any CPU
		{7A71D55C-507E-424E-B882-CA2CDF5D1466}.Release|Any CPU.ActiveCfg = Release|Any CPU
		{7A71D55C-507E-424E-B882-CA2CDF5D1466}.Release|Any CPU.Build.0 = Release|Any CPU
	EndGlobalSection
	GlobalSection(SolutionProperties) = preSolution
		HideSolutionNode = FALSE
	EndGlobalSection
	GlobalSection(ExtensibilityGlobals) = postSolution
		SolutionGuid = {CDFEFEFF-79DD-451D-9C61-91536606E33E}
	EndGlobalSection
EndGlobal
